
Microsoft Visual Studio Solution File, Format Version 12.00
# Visual Studio Version 16
VisualStudioVersion = 16.0.30621.155
MinimumVisualStudioVersion = 10.0.40219.1
Project("{FAE04EC0-301F-11D3-BF4B-00C04F79EFBC}") = "LP_APP.Common", "LP_APP.Common\LP_APP.Common.csproj", "{13E1741E-C7C9-433F-BC24-00F575FE1E24}"
EndProject
Project("{FAE04EC0-301F-11D3-BF4B-00C04F79EFBC}") = "LP_APP.Web", "LP_APP.Web\LP_APP.Web.csproj", "{F116EB4A-779F-4211-B70E-85C885556C2F}"
EndProject
Global
	GlobalSection(SolutionConfigurationPlatforms) = preSolution
		Debug|Any CPU = Debug|Any CPU
		Release|Any CPU = Release|Any CPU
	EndGlobalSection
	GlobalSection(ProjectConfigurationPlatforms) = postSolution
		{13E1741E-C7C9-433F-BC24-00F575FE1E24}.Debug|Any CPU.ActiveCfg = Debug|Any CPU
		{13E1741E-C7C9-433F-BC24-00F575FE1E24}.Debug|Any CPU.Build.0 = Debug|Any CPU
		{13E1741E-C7C9-433F-BC24-00F575FE1E24}.Release|Any CPU.ActiveCfg = Release|Any CPU
		{13E1741E-C7C9-433F-BC24-00F575FE1E24}.Release|Any CPU.Build.0 = Release|Any CPU
		{F116EB4A-779F-4211-B70E-85C885556C2F}.Debug|Any CPU.ActiveCfg = Debug|Any CPU
		{F116EB4A-779F-4211-B70E-85C885556C2F}.Debug|Any CPU.Build.0 = Debug|Any CPU
		{F116EB4A-779F-4211-B70E-85C885556C2F}.Release|Any CPU.ActiveCfg = Release|Any CPU
		{F116EB4A-779F-4211-B70E-85C885556C2F}.Release|Any CPU.Build.0 = Release|Any CPU
	EndGlobalSection
	GlobalSection(SolutionProperties) = preSolution
		HideSolutionNode = FALSE
	EndGlobalSection
	GlobalSection(ExtensibilityGlobals) = postSolution
		SolutionGuid = {DE5F2630-CC3A-472F-B81D-AFC4AC3E5919}
	EndGlobalSection
EndGlobal
